// !$*UTF8*$!
{
	archiveVersion = 1;
	classes = {
	};
	objectVersion = 48;
	objects = {

/* Begin PBXBuildFile section */
		5426CA331FCECD97001543F5 /* AppDelegate.m in Sources */ = {isa = PBXBuildFile; fileRef = 5426CA321FCECD97001543F5 /* AppDelegate.m */; };
		5426CA361FCECD97001543F5 /* KRRootViewController.m in Sources */ = {isa = PBXBuildFile; fileRef = 5426CA351FCECD97001543F5 /* KRRootViewController.m */; };
		5426CA391FCECD97001543F5 /* Main.storyboard in Resources */ = {isa = PBXBuildFile; fileRef = 5426CA371FCECD97001543F5 /* Main.storyboard */; };
		5426CA3B1FCECD97001543F5 /* Assets.xcassets in Resources */ = {isa = PBXBuildFile; fileRef = 5426CA3A1FCECD97001543F5 /* Assets.xcassets */; };
		5426CA3E1FCECD97001543F5 /* LaunchScreen.storyboard in Resources */ = {isa = PBXBuildFile; fileRef = 5426CA3C1FCECD97001543F5 /* LaunchScreen.storyboard */; };
		5426CA411FCECD97001543F5 /* main.m in Sources */ = {isa = PBXBuildFile; fileRef = 5426CA401FCECD97001543F5 /* main.m */; };
		5426CA4B1FCECD98001543F5 /* KRTableViewTests.m in Sources */ = {isa = PBXBuildFile; fileRef = 5426CA4A1FCECD98001543F5 /* KRTableViewTests.m */; };
		5426CA561FCECD98001543F5 /* KRTableViewUITests.m in Sources */ = {isa = PBXBuildFile; fileRef = 5426CA551FCECD98001543F5 /* KRTableViewUITests.m */; };
		546DA3BB1FFB92940050A9D6 /* KRRefreshViewController.m in Sources */ = {isa = PBXBuildFile; fileRef = 546DA3BA1FFB92940050A9D6 /* KRRefreshViewController.m */; };
		548C3E421FFBC0C400E94446 /* KRTableViewController.m in Sources */ = {isa = PBXBuildFile; fileRef = 548C3E411FFBC0C400E94446 /* KRTableViewController.m */; };
		54F8283E1FD19B300022C771 /* KRFooterTableViewCell.m in Sources */ = {isa = PBXBuildFile; fileRef = 54F828331FD19B300022C771 /* KRFooterTableViewCell.m */; };
		54F8283F1FD19B300022C771 /* KRBodySmallTableViewCell.xib in Resources */ = {isa = PBXBuildFile; fileRef = 54F828341FD19B300022C771 /* KRBodySmallTableViewCell.xib */; };
		54F828401FD19B300022C771 /* KRBodySmallTableViewCell.m in Sources */ = {isa = PBXBuildFile; fileRef = 54F828361FD19B300022C771 /* KRBodySmallTableViewCell.m */; };
		54F828411FD19B300022C771 /* KRBodyNormalTableViewCell.xib in Resources */ = {isa = PBXBuildFile; fileRef = 54F828371FD19B300022C771 /* KRBodyNormalTableViewCell.xib */; };
		54F828421FD19B300022C771 /* KRHeadTableViewCell.xib in Resources */ = {isa = PBXBuildFile; fileRef = 54F828381FD19B300022C771 /* KRHeadTableViewCell.xib */; };
		54F828431FD19B300022C771 /* KRBodyNormalTableViewCell.m in Sources */ = {isa = PBXBuildFile; fileRef = 54F828391FD19B300022C771 /* KRBodyNormalTableViewCell.m */; };
		54F828441FD19B300022C771 /* KRFooterTableViewCell.xib in Resources */ = {isa = PBXBuildFile; fileRef = 54F8283A1FD19B300022C771 /* KRFooterTableViewCell.xib */; };
		54F828451FD19B300022C771 /* KRHeadTableViewCell.m in Sources */ = {isa = PBXBuildFile; fileRef = 54F8283B1FD19B300022C771 /* KRHeadTableViewCell.m */; };
		54F8284B1FD19B5E0022C771 /* KRTableViewChapter.m in Sources */ = {isa = PBXBuildFile; fileRef = 54F828481FD19B5E0022C771 /* KRTableViewChapter.m */; };
		54F8284C1FD19B5E0022C771 /* KRFexibleTableView.m in Sources */ = {isa = PBXBuildFile; fileRef = 54F8284A1FD19B5E0022C771 /* KRFexibleTableView.m */; };
		54F828501FD19CA20022C771 /* KRSystemTableViewController.m in Sources */ = {isa = PBXBuildFile; fileRef = 54F8284E1FD19CA20022C771 /* KRSystemTableViewController.m */; };
		54F828531FD19CE80022C771 /* KRRewirteSystenTablViewController.m in Sources */ = {isa = PBXBuildFile; fileRef = 54F828521FD19CE80022C771 /* KRRewirteSystenTablViewController.m */; };
		EF5D51F18A0008F862CFE1C5 /* libPods-KRTableView.a in Frameworks */ = {isa = PBXBuildFile; fileRef = A3D49E81BB5EE9C6CA1C4BF4 /* libPods-KRTableView.a */; };
/* End PBXBuildFile section */

/* Begin PBXContainerItemProxy section */
		5426CA471FCECD98001543F5 /* PBXContainerItemProxy */ = {
			isa = PBXContainerItemProxy;
			containerPortal = 5426CA261FCECD97001543F5 /* Project object */;
			proxyType = 1;
			remoteGlobalIDString = 5426CA2D1FCECD97001543F5;
			remoteInfo = KRTableView;
		};
		5426CA521FCECD98001543F5 /* PBXContainerItemProxy */ = {
			isa = PBXContainerItemProxy;
			containerPortal = 5426CA261FCECD97001543F5 /* Project object */;
			proxyType = 1;
			remoteGlobalIDString = 5426CA2D1FCECD97001543F5;
			remoteInfo = KRTableView;
		};
/* End PBXContainerItemProxy section */

/* Begin PBXFileReference section */
		2CF1AC51E96523B590E51B43 /* Pods-KRTableView.debug.xcconfig */ = {isa = PBXFileReference; includeInIndex = 1; lastKnownFileType = text.xcconfig; name = "Pods-KRTableView.debug.xcconfig"; path = "Pods/Target Support Files/Pods-KRTableView/Pods-KRTableView.debug.xcconfig"; sourceTree = "<group>"; };
		5426CA2E1FCECD97001543F5 /* KRTableView.app */ = {isa = PBXFileReference; explicitFileType = wrapper.application; includeInIndex = 0; path = KRTableView.app; sourceTree = BUILT_PRODUCTS_DIR; };
		5426CA311FCECD97001543F5 /* AppDelegate.h */ = {isa = PBXFileReference; lastKnownFileType = sourcecode.c.h; path = AppDelegate.h; sourceTree = "<group>"; };
		5426CA321FCECD97001543F5 /* AppDelegate.m */ = {isa = PBXFileReference; lastKnownFileType = sourcecode.c.objc; path = AppDelegate.m; sourceTree = "<group>"; };
		5426CA341FCECD97001543F5 /* KRRootViewController.h */ = {isa = PBXFileReference; lastKnownFileType = sourcecode.c.h; path = KRRootViewController.h; sourceTree = "<group>"; };
		5426CA351FCECD97001543F5 /* KRRootViewController.m */ = {isa = PBXFileReference; lastKnownFileType = sourcecode.c.objc; path = KRRootViewController.m; sourceTree = "<group>"; };
		5426CA381FCECD97001543F5 /* Base */ = {isa = PBXFileReference; lastKnownFileType = file.storyboard; name = Base; path = Base.lproj/Main.storyboard; sourceTree = "<group>"; };
		5426CA3A1FCECD97001543F5 /* Assets.xcassets */ = {isa = PBXFileReference; lastKnownFileType = folder.assetcatalog; path = Assets.xcassets; sourceTree = "<group>"; };
		5426CA3D1FCECD97001543F5 /* Base */ = {isa = PBXFileReference; lastKnownFileType = file.storyboard; name = Base; path = Base.lproj/LaunchScreen.storyboard; sourceTree = "<group>"; };
		5426CA3F1FCECD97001543F5 /* Info.plist */ = {isa = PBXFileReference; lastKnownFileType = text.plist.xml; path = Info.plist; sourceTree = "<group>"; };
		5426CA401FCECD97001543F5 /* main.m */ = {isa = PBXFileReference; lastKnownFileType = sourcecode.c.objc; path = main.m; sourceTree = "<group>"; };
		5426CA461FCECD98001543F5 /* KRTableViewTests.xctest */ = {isa = PBXFileReference; explicitFileType = wrapper.cfbundle; includeInIndex = 0; path = KRTableViewTests.xctest; sourceTree = BUILT_PRODUCTS_DIR; };
		5426CA4A1FCECD98001543F5 /* KRTableViewTests.m */ = {isa = PBXFileReference; lastKnownFileType = sourcecode.c.objc; path = KRTableViewTests.m; sourceTree = "<group>"; };
		5426CA4C1FCECD98001543F5 /* Info.plist */ = {isa = PBXFileReference; lastKnownFileType = text.plist.xml; path = Info.plist; sourceTree = "<group>"; };
		5426CA511FCECD98001543F5 /* KRTableViewUITests.xctest */ = {isa = PBXFileReference; explicitFileType = wrapper.cfbundle; includeInIndex = 0; path = KRTableViewUITests.xctest; sourceTree = BUILT_PRODUCTS_DIR; };
		5426CA551FCECD98001543F5 /* KRTableViewUITests.m */ = {isa = PBXFileReference; lastKnownFileType = sourcecode.c.objc; path = KRTableViewUITests.m; sourceTree = "<group>"; };
		5426CA571FCECD98001543F5 /* Info.plist */ = {isa = PBXFileReference; lastKnownFileType = text.plist.xml; path = Info.plist; sourceTree = "<group>"; };
		546DA3B91FFB92940050A9D6 /* KRRefreshViewController.h */ = {isa = PBXFileReference; lastKnownFileType = sourcecode.c.h; path = KRRefreshViewController.h; sourceTree = "<group>"; };
		546DA3BA1FFB92940050A9D6 /* KRRefreshViewController.m */ = {isa = PBXFileReference; lastKnownFileType = sourcecode.c.objc; path = KRRefreshViewController.m; sourceTree = "<group>"; };
		548C3E401FFBC0C400E94446 /* KRTableViewController.h */ = {isa = PBXFileReference; lastKnownFileType = sourcecode.c.h; path = KRTableViewController.h; sourceTree = "<group>"; };
		548C3E411FFBC0C400E94446 /* KRTableViewController.m */ = {isa = PBXFileReference; lastKnownFileType = sourcecode.c.objc; path = KRTableViewController.m; sourceTree = "<group>"; };
		54F828321FD19B300022C771 /* KRHeadTableViewCell.h */ = {isa = PBXFileReference; fileEncoding = 4; lastKnownFileType = sourcecode.c.h; path = KRHeadTableViewCell.h; sourceTree = "<group>"; };
		54F828331FD19B300022C771 /* KRFooterTableViewCell.m */ = {isa = PBXFileReference; fileEncoding = 4; lastKnownFileType = sourcecode.c.objc; path = KRFooterTableViewCell.m; sourceTree = "<group>"; };
		54F828341FD19B300022C771 /* KRBodySmallTableViewCell.xib */ = {isa = PBXFileReference; fileEncoding = 4; lastKnownFileType = file.xib; path = KRBodySmallTableViewCell.xib; sourceTree = "<group>"; };
		54F828351FD19B300022C771 /* KRBodyNormalTableViewCell.h */ = {isa = PBXFileReference; fileEncoding = 4; lastKnownFileType = sourcecode.c.h; path = KRBodyNormalTableViewCell.h; sourceTree = "<group>"; };
		54F828361FD19B300022C771 /* KRBodySmallTableViewCell.m */ = {isa = PBXFileReference; fileEncoding = 4; lastKnownFileType = sourcecode.c.objc; path = KRBodySmallTableViewCell.m; sourceTree = "<group>"; };
		54F828371FD19B300022C771 /* KRBodyNormalTableViewCell.xib */ = {isa = PBXFileReference; fileEncoding = 4; lastKnownFileType = file.xib; path = KRBodyNormalTableViewCell.xib; sourceTree = "<group>"; };
		54F828381FD19B300022C771 /* KRHeadTableViewCell.xib */ = {isa = PBXFileReference; fileEncoding = 4; lastKnownFileType = file.xib; path = KRHeadTableViewCell.xib; sourceTree = "<group>"; };
		54F828391FD19B300022C771 /* KRBodyNormalTableViewCell.m */ = {isa = PBXFileReference; fileEncoding = 4; lastKnownFileType = sourcecode.c.objc; path = KRBodyNormalTableViewCell.m; sourceTree = "<group>"; };
		54F8283A1FD19B300022C771 /* KRFooterTableViewCell.xib */ = {isa = PBXFileReference; fileEncoding = 4; lastKnownFileType = file.xib; path = KRFooterTableViewCell.xib; sourceTree = "<group>"; };
		54F8283B1FD19B300022C771 /* KRHeadTableViewCell.m */ = {isa = PBXFileReference; fileEncoding = 4; lastKnownFileType = sourcecode.c.objc; path = KRHeadTableViewCell.m; sourceTree = "<group>"; };
		54F8283C1FD19B300022C771 /* KRFooterTableViewCell.h */ = {isa = PBXFileReference; fileEncoding = 4; lastKnownFileType = sourcecode.c.h; path = KRFooterTableViewCell.h; sourceTree = "<group>"; };
		54F8283D1FD19B300022C771 /* KRBodySmallTableViewCell.h */ = {isa = PBXFileReference; fileEncoding = 4; lastKnownFileType = sourcecode.c.h; path = KRBodySmallTableViewCell.h; sourceTree = "<group>"; };
		54F828471FD19B5E0022C771 /* KRFexibleTableView.h */ = {isa = PBXFileReference; fileEncoding = 4; lastKnownFileType = sourcecode.c.h; path = KRFexibleTableView.h; sourceTree = "<group>"; };
		54F828481FD19B5E0022C771 /* KRTableViewChapter.m */ = {isa = PBXFileReference; fileEncoding = 4; lastKnownFileType = sourcecode.c.objc; path = KRTableViewChapter.m; sourceTree = "<group>"; };
		54F828491FD19B5E0022C771 /* KRTableViewChapter.h */ = {isa = PBXFileReference; fileEncoding = 4; lastKnownFileType = sourcecode.c.h; path = KRTableViewChapter.h; sourceTree = "<group>"; };
		54F8284A1FD19B5E0022C771 /* KRFexibleTableView.m */ = {isa = PBXFileReference; fileEncoding = 4; lastKnownFileType = sourcecode.c.objc; path = KRFexibleTableView.m; sourceTree = "<group>"; };
		54F8284E1FD19CA20022C771 /* KRSystemTableViewController.m */ = {isa = PBXFileReference; fileEncoding = 4; lastKnownFileType = sourcecode.c.objc; path = KRSystemTableViewController.m; sourceTree = "<group>"; };
		54F8284F1FD19CA20022C771 /* KRSystemTableViewController.h */ = {isa = PBXFileReference; fileEncoding = 4; lastKnownFileType = sourcecode.c.h; path = KRSystemTableViewController.h; sourceTree = "<group>"; };
		54F828511FD19CE80022C771 /* KRRewirteSystenTablViewController.h */ = {isa = PBXFileReference; lastKnownFileType = sourcecode.c.h; path = KRRewirteSystenTablViewController.h; sourceTree = "<group>"; };
		54F828521FD19CE80022C771 /* KRRewirteSystenTablViewController.m */ = {isa = PBXFileReference; lastKnownFileType = sourcecode.c.objc; path = KRRewirteSystenTablViewController.m; sourceTree = "<group>"; };
		A3D49E81BB5EE9C6CA1C4BF4 /* libPods-KRTableView.a */ = {isa = PBXFileReference; explicitFileType = archive.ar; includeInIndex = 0; path = "libPods-KRTableView.a"; sourceTree = BUILT_PRODUCTS_DIR; };
		FA746FC3835FBE2F903B94B6 /* Pods-KRTableView.release.xcconfig */ = {isa = PBXFileReference; includeInIndex = 1; lastKnownFileType = text.xcconfig; name = "Pods-KRTableView.release.xcconfig"; path = "Pods/Target Support Files/Pods-KRTableView/Pods-KRTableView.release.xcconfig"; sourceTree = "<group>"; };
/* End PBXFileReference section */

/* Begin PBXFrameworksBuildPhase section */
		5426CA2B1FCECD97001543F5 /* Frameworks */ = {
			isa = PBXFrameworksBuildPhase;
			buildActionMask = 2147483647;
			files = (
				EF5D51F18A0008F862CFE1C5 /* libPods-KRTableView.a in Frameworks */,
			);
			runOnlyForDeploymentPostprocessing = 0;
		};
		5426CA431FCECD98001543F5 /* Frameworks */ = {
			isa = PBXFrameworksBuildPhase;
			buildActionMask = 2147483647;
			files = (
			);
			runOnlyForDeploymentPostprocessing = 0;
		};
		5426CA4E1FCECD98001543F5 /* Frameworks */ = {
			isa = PBXFrameworksBuildPhase;
			buildActionMask = 2147483647;
			files = (
			);
			runOnlyForDeploymentPostprocessing = 0;
		};
/* End PBXFrameworksBuildPhase section */

/* Begin PBXGroup section */
		00F5638F80029FA07D33F37B /* Pods */ = {
			isa = PBXGroup;
			children = (
				2CF1AC51E96523B590E51B43 /* Pods-KRTableView.debug.xcconfig */,
				FA746FC3835FBE2F903B94B6 /* Pods-KRTableView.release.xcconfig */,
			);
			name = Pods;
			sourceTree = "<group>";
		};
		5426CA251FCECD97001543F5 = {
			isa = PBXGroup;
			children = (
				5426CA301FCECD97001543F5 /* KRTableView */,
				5426CA491FCECD98001543F5 /* KRTableViewTests */,
				5426CA541FCECD98001543F5 /* KRTableViewUITests */,
				5426CA2F1FCECD97001543F5 /* Products */,
				00F5638F80029FA07D33F37B /* Pods */,
				5A3FAA279664C32EF8F401C2 /* Frameworks */,
			);
			sourceTree = "<group>";
		};
		5426CA2F1FCECD97001543F5 /* Products */ = {
			isa = PBXGroup;
			children = (
				5426CA2E1FCECD97001543F5 /* KRTableView.app */,
				5426CA461FCECD98001543F5 /* KRTableViewTests.xctest */,
				5426CA511FCECD98001543F5 /* KRTableViewUITests.xctest */,
			);
			name = Products;
			sourceTree = "<group>";
		};
		5426CA301FCECD97001543F5 /* KRTableView */ = {
			isa = PBXGroup;
			children = (
				54F828461FD19B5E0022C771 /* KRTableView */,
				54F8284D1FD19CA20022C771 /* TestViewController */,
				54F828311FD19B300022C771 /* TestCell */,
				5426CA311FCECD97001543F5 /* AppDelegate.h */,
				5426CA321FCECD97001543F5 /* AppDelegate.m */,
				5426CA341FCECD97001543F5 /* KRRootViewController.h */,
				5426CA351FCECD97001543F5 /* KRRootViewController.m */,
				5426CA371FCECD97001543F5 /* Main.storyboard */,
				5426CA3A1FCECD97001543F5 /* Assets.xcassets */,
				5426CA3C1FCECD97001543F5 /* LaunchScreen.storyboard */,
				5426CA3F1FCECD97001543F5 /* Info.plist */,
				5426CA401FCECD97001543F5 /* main.m */,
			);
			path = KRTableView;
			sourceTree = "<group>";
		};
		5426CA491FCECD98001543F5 /* KRTableViewTests */ = {
			isa = PBXGroup;
			children = (
				5426CA4A1FCECD98001543F5 /* KRTableViewTests.m */,
				5426CA4C1FCECD98001543F5 /* Info.plist */,
			);
			path = KRTableViewTests;
			sourceTree = "<group>";
		};
		5426CA541FCECD98001543F5 /* KRTableViewUITests */ = {
			isa = PBXGroup;
			children = (
				5426CA551FCECD98001543F5 /* KRTableViewUITests.m */,
				5426CA571FCECD98001543F5 /* Info.plist */,
			);
			path = KRTableViewUITests;
			sourceTree = "<group>";
		};
		54F828311FD19B300022C771 /* TestCell */ = {
			isa = PBXGroup;
			children = (
				54F828321FD19B300022C771 /* KRHeadTableViewCell.h */,
				54F828331FD19B300022C771 /* KRFooterTableViewCell.m */,
				54F828341FD19B300022C771 /* KRBodySmallTableViewCell.xib */,
				54F828351FD19B300022C771 /* KRBodyNormalTableViewCell.h */,
				54F828361FD19B300022C771 /* KRBodySmallTableViewCell.m */,
				54F828371FD19B300022C771 /* KRBodyNormalTableViewCell.xib */,
				54F828381FD19B300022C771 /* KRHeadTableViewCell.xib */,
				54F828391FD19B300022C771 /* KRBodyNormalTableViewCell.m */,
				54F8283A1FD19B300022C771 /* KRFooterTableViewCell.xib */,
				54F8283B1FD19B300022C771 /* KRHeadTableViewCell.m */,
				54F8283C1FD19B300022C771 /* KRFooterTableViewCell.h */,
				54F8283D1FD19B300022C771 /* KRBodySmallTableViewCell.h */,
			);
			path = TestCell;
			sourceTree = "<group>";
		};
		54F828461FD19B5E0022C771 /* KRTableView */ = {
			isa = PBXGroup;
			children = (
				54F828471FD19B5E0022C771 /* KRFexibleTableView.h */,
				54F8284A1FD19B5E0022C771 /* KRFexibleTableView.m */,
				54F828491FD19B5E0022C771 /* KRTableViewChapter.h */,
				54F828481FD19B5E0022C771 /* KRTableViewChapter.m */,
				546DA3B91FFB92940050A9D6 /* KRRefreshViewController.h */,
				546DA3BA1FFB92940050A9D6 /* KRRefreshViewController.m */,
				548C3E401FFBC0C400E94446 /* KRTableViewController.h */,
				548C3E411FFBC0C400E94446 /* KRTableViewController.m */,
			);
			path = KRTableView;
			sourceTree = "<group>";
		};
		54F8284D1FD19CA20022C771 /* TestViewController */ = {
			isa = PBXGroup;
			children = (
				54F8284F1FD19CA20022C771 /* KRSystemTableViewController.h */,
				54F8284E1FD19CA20022C771 /* KRSystemTableViewController.m */,
				54F828511FD19CE80022C771 /* KRRewirteSystenTablViewController.h */,
				54F828521FD19CE80022C771 /* KRRewirteSystenTablViewController.m */,
			);
			path = TestViewController;
			sourceTree = "<group>";
		};
		5A3FAA279664C32EF8F401C2 /* Frameworks */ = {
			isa = PBXGroup;
			children = (
				A3D49E81BB5EE9C6CA1C4BF4 /* libPods-KRTableView.a */,
			);
			name = Frameworks;
			sourceTree = "<group>";
		};
/* End PBXGroup section */

/* Begin PBXNativeTarget section */
		5426CA2D1FCECD97001543F5 /* KRTableView */ = {
			isa = PBXNativeTarget;
			buildConfigurationList = 5426CA5A1FCECD98001543F5 /* Build configuration list for PBXNativeTarget "KRTableView" */;
			buildPhases = (
				E314C36870657A62AA1F8D47 /* [CP] Check Pods Manifest.lock */,
				5426CA2A1FCECD97001543F5 /* Sources */,
				5426CA2B1FCECD97001543F5 /* Frameworks */,
				5426CA2C1FCECD97001543F5 /* Resources */,
				EA4BA8F44E14EE08C086C70C /* [CP] Embed Pods Frameworks */,
				DB46DF5D3917CC5603771249 /* [CP] Copy Pods Resources */,
			);
			buildRules = (
			);
			dependencies = (
			);
			name = KRTableView;
			productName = KRTableView;
			productReference = 5426CA2E1FCECD97001543F5 /* KRTableView.app */;
			productType = "com.apple.product-type.application";
		};
		5426CA451FCECD98001543F5 /* KRTableViewTests */ = {
			isa = PBXNativeTarget;
			buildConfigurationList = 5426CA5D1FCECD98001543F5 /* Build configuration list for PBXNativeTarget "KRTableViewTests" */;
			buildPhases = (
				5426CA421FCECD98001543F5 /* Sources */,
				5426CA431FCECD98001543F5 /* Frameworks */,
				5426CA441FCECD98001543F5 /* Resources */,
			);
			buildRules = (
			);
			dependencies = (
				5426CA481FCECD98001543F5 /* PBXTargetDependency */,
			);
			name = KRTableViewTests;
			productName = KRTableViewTests;
			productReference = 5426CA461FCECD98001543F5 /* KRTableViewTests.xctest */;
			productType = "com.apple.product-type.bundle.unit-test";
		};
		5426CA501FCECD98001543F5 /* KRTableViewUITests */ = {
			isa = PBXNativeTarget;
			buildConfigurationList = 5426CA601FCECD98001543F5 /* Build configuration list for PBXNativeTarget "KRTableViewUITests" */;
			buildPhases = (
				5426CA4D1FCECD98001543F5 /* Sources */,
				5426CA4E1FCECD98001543F5 /* Frameworks */,
				5426CA4F1FCECD98001543F5 /* Resources */,
			);
			buildRules = (
			);
			dependencies = (
				5426CA531FCECD98001543F5 /* PBXTargetDependency */,
			);
			name = KRTableViewUITests;
			productName = KRTableViewUITests;
			productReference = 5426CA511FCECD98001543F5 /* KRTableViewUITests.xctest */;
			productType = "com.apple.product-type.bundle.ui-testing";
		};
/* End PBXNativeTarget section */

/* Begin PBXProject section */
		5426CA261FCECD97001543F5 /* Project object */ = {
			isa = PBXProject;
			attributes = {
				LastUpgradeCheck = 0910;
				ORGANIZATIONNAME = KR;
				TargetAttributes = {
					5426CA2D1FCECD97001543F5 = {
						CreatedOnToolsVersion = 9.1;
						ProvisioningStyle = Automatic;
					};
					5426CA451FCECD98001543F5 = {
						CreatedOnToolsVersion = 9.1;
						ProvisioningStyle = Automatic;
						TestTargetID = 5426CA2D1FCECD97001543F5;
					};
					5426CA501FCECD98001543F5 = {
						CreatedOnToolsVersion = 9.1;
						ProvisioningStyle = Automatic;
						TestTargetID = 5426CA2D1FCECD97001543F5;
					};
				};
			};
			buildConfigurationList = 5426CA291FCECD97001543F5 /* Build configuration list for PBXProject "KRTableView" */;
			compatibilityVersion = "Xcode 8.0";
			developmentRegion = en;
			hasScannedForEncodings = 0;
			knownRegions = (
				en,
				Base,
			);
			mainGroup = 5426CA251FCECD97001543F5;
			productRefGroup = 5426CA2F1FCECD97001543F5 /* Products */;
			projectDirPath = "";
			projectRoot = "";
			targets = (
				5426CA2D1FCECD97001543F5 /* KRTableView */,
				5426CA451FCECD98001543F5 /* KRTableViewTests */,
				5426CA501FCECD98001543F5 /* KRTableViewUITests */,
			);
		};
/* End PBXProject section */

/* Begin PBXResourcesBuildPhase section */
		5426CA2C1FCECD97001543F5 /* Resources */ = {
			isa = PBXResourcesBuildPhase;
			buildActionMask = 2147483647;
			files = (
				54F8283F1FD19B300022C771 /* KRBodySmallTableViewCell.xib in Resources */,
				5426CA3E1FCECD97001543F5 /* LaunchScreen.storyboard in Resources */,
				54F828441FD19B300022C771 /* KRFooterTableViewCell.xib in Resources */,
				54F828421FD19B300022C771 /* KRHeadTableViewCell.xib in Resources */,
				5426CA3B1FCECD97001543F5 /* Assets.xcassets in Resources */,
				54F828411FD19B300022C771 /* KRBodyNormalTableViewCell.xib in Resources */,
				5426CA391FCECD97001543F5 /* Main.storyboard in Resources */,
			);
			runOnlyForDeploymentPostprocessing = 0;
		};
		5426CA441FCECD98001543F5 /* Resources */ = {
			isa = PBXResourcesBuildPhase;
			buildActionMask = 2147483647;
			files = (
			);
			runOnlyForDeploymentPostprocessing = 0;
		};
		5426CA4F1FCECD98001543F5 /* Resources */ = {
			isa = PBXResourcesBuildPhase;
			buildActionMask = 2147483647;
			files = (
			);
			runOnlyForDeploymentPostprocessing = 0;
		};
/* End PBXResourcesBuildPhase section */

/* Begin PBXShellScriptBuildPhase section */
		DB46DF5D3917CC5603771249 /* [CP] Copy Pods Resources */ = {
			isa = PBXShellScriptBuildPhase;
			buildActionMask = 2147483647;
			files = (
			);
			inputPaths = (
			);
			name = "[CP] Copy Pods Resources";
			outputPaths = (
			);
			runOnlyForDeploymentPostprocessing = 0;
			shellPath = /bin/sh;
			shellScript = "\"${SRCROOT}/Pods/Target Support Files/Pods-KRTableView/Pods-KRTableView-resources.sh\"\n";
			showEnvVarsInLog = 0;
		};
		E314C36870657A62AA1F8D47 /* [CP] Check Pods Manifest.lock */ = {
			isa = PBXShellScriptBuildPhase;
			buildActionMask = 2147483647;
			files = (
			);
			inputPaths = (
			);
			name = "[CP] Check Pods Manifest.lock";
			outputPaths = (
			);
			runOnlyForDeploymentPostprocessing = 0;
			shellPath = /bin/sh;
			shellScript = "diff \"${PODS_ROOT}/../Podfile.lock\" \"${PODS_ROOT}/Manifest.lock\" > /dev/null\nif [ $? != 0 ] ; then\n    # print error to STDERR\n    echo \"error: The sandbox is not in sync with the Podfile.lock. Run 'pod install' or update your CocoaPods installation.\" >&2\n    exit 1\nfi\n";
			showEnvVarsInLog = 0;
		};
		EA4BA8F44E14EE08C086C70C /* [CP] Embed Pods Frameworks */ = {
			isa = PBXShellScriptBuildPhase;
			buildActionMask = 2147483647;
			files = (
			);
			inputPaths = (
			);
			name = "[CP] Embed Pods Frameworks";
			outputPaths = (
			);
			runOnlyForDeploymentPostprocessing = 0;
			shellPath = /bin/sh;
			shellScript = "\"${SRCROOT}/Pods/Target Support Files/Pods-KRTableView/Pods-KRTableView-frameworks.sh\"\n";
			showEnvVarsInLog = 0;
		};
/* End PBXShellScriptBuildPhase section */

/* Begin PBXSourcesBuildPhase section */
		5426CA2A1FCECD97001543F5 /* Sources */ = {
			isa = PBXSourcesBuildPhase;
			buildActionMask = 2147483647;
			files = (
				54F8284C1FD19B5E0022C771 /* KRFexibleTableView.m in Sources */,
				54F8283E1FD19B300022C771 /* KRFooterTableViewCell.m in Sources */,
				5426CA361FCECD97001543F5 /* KRRootViewController.m in Sources */,
				546DA3BB1FFB92940050A9D6 /* KRRefreshViewController.m in Sources */,
				54F828501FD19CA20022C771 /* KRSystemTableViewController.m in Sources */,
				54F8284B1FD19B5E0022C771 /* KRTableViewChapter.m in Sources */,
				54F828531FD19CE80022C771 /* KRRewirteSystenTablViewController.m in Sources */,
				54F828451FD19B300022C771 /* KRHeadTableViewCell.m in Sources */,
				5426CA411FCECD97001543F5 /* main.m in Sources */,
				54F828401FD19B300022C771 /* KRBodySmallTableViewCell.m in Sources */,
				548C3E421FFBC0C400E94446 /* KRTableViewController.m in Sources */,
				54F828431FD19B300022C771 /* KRBodyNormalTableViewCell.m in Sources */,
				5426CA331FCECD97001543F5 /* AppDelegate.m in Sources */,
			);
			runOnlyForDeploymentPostprocessing = 0;
		};
		5426CA421FCECD98001543F5 /* Sources */ = {
			isa = PBXSourcesBuildPhase;
			buildActionMask = 2147483647;
			files = (
				5426CA4B1FCECD98001543F5 /* KRTableViewTests.m in Sources */,
			);
			runOnlyForDeploymentPostprocessing = 0;
		};
		5426CA4D1FCECD98001543F5 /* Sources */ = {
			isa = PBXSourcesBuildPhase;
			buildActionMask = 2147483647;
			files = (
				5426CA561FCECD98001543F5 /* KRTableViewUITests.m in Sources */,
			);
			runOnlyForDeploymentPostprocessing = 0;
		};
/* End PBXSourcesBuildPhase section */

/* Begin PBXTargetDependency section */
		5426CA481FCECD98001543F5 /* PBXTargetDependency */ = {
			isa = PBXTargetDependency;
			target = 5426CA2D1FCECD97001543F5 /* KRTableView */;
			targetProxy = 5426CA471FCECD98001543F5 /* PBXContainerItemProxy */;
		};
		5426CA531FCECD98001543F5 /* PBXTargetDependency */ = {
			isa = PBXTargetDependency;
			target = 5426CA2D1FCECD97001543F5 /* KRTableView */;
			targetProxy = 5426CA521FCECD98001543F5 /* PBXContainerItemProxy */;
		};
/* End PBXTargetDependency section */

/* Begin PBXVariantGroup section */
		5426CA371FCECD97001543F5 /* Main.storyboard */ = {
			isa = PBXVariantGroup;
			children = (
				5426CA381FCECD97001543F5 /* Base */,
			);
			name = Main.storyboard;
			sourceTree = "<group>";
		};
		5426CA3C1FCECD97001543F5 /* LaunchScreen.storyboard */ = {
			isa = PBXVariantGroup;
			children = (
				5426CA3D1FCECD97001543F5 /* Base */,
			);
			name = LaunchScreen.storyboard;
			sourceTree = "<group>";
		};
/* End PBXVariantGroup section */

/* Begin XCBuildConfiguration section */
		5426CA581FCECD98001543F5 /* Debug */ = {
			isa = XCBuildConfiguration;
			buildSettings = {
				ALWAYS_SEARCH_USER_PATHS = NO;
				CLANG_ANALYZER_NONNULL = YES;
				CLANG_ANALYZER_NUMBER_OBJECT_CONVERSION = YES_AGGRESSIVE;
				CLANG_CXX_LANGUAGE_STANDARD = "gnu++14";
				CLANG_CXX_LIBRARY = "libc++";
				CLANG_ENABLE_MODULES = YES;
				CLANG_ENABLE_OBJC_ARC = YES;
				CLANG_WARN_BLOCK_CAPTURE_AUTORELEASING = YES;
				CLANG_WARN_BOOL_CONVERSION = YES;
				CLANG_WARN_COMMA = YES;
				CLANG_WARN_CONSTANT_CONVERSION = YES;
				CLANG_WARN_DIRECT_OBJC_ISA_USAGE = YES_ERROR;
				CLANG_WARN_DOCUMENTATION_COMMENTS = YES;
				CLANG_WARN_EMPTY_BODY = YES;
				CLANG_WARN_ENUM_CONVERSION = YES;
				CLANG_WARN_INFINITE_RECURSION = YES;
				CLANG_WARN_INT_CONVERSION = YES;
				CLANG_WARN_NON_LITERAL_NULL_CONVERSION = YES;
				CLANG_WARN_OBJC_LITERAL_CONVERSION = YES;
				CLANG_WARN_OBJC_ROOT_CLASS = YES_ERROR;
				CLANG_WARN_RANGE_LOOP_ANALYSIS = YES;
				CLANG_WARN_STRICT_PROTOTYPES = YES;
				CLANG_WARN_SUSPICIOUS_MOVE = YES;
				CLANG_WARN_UNGUARDED_AVAILABILITY = YES_AGGRESSIVE;
				CLANG_WARN_UNREACHABLE_CODE = YES;
				CLANG_WARN__DUPLICATE_METHOD_MATCH = YES;
				CODE_SIGN_IDENTITY = "iPhone Developer";
				COPY_PHASE_STRIP = NO;
				DEBUG_INFORMATION_FORMAT = dwarf;
				ENABLE_STRICT_OBJC_MSGSEND = YES;
				ENABLE_TESTABILITY = YES;
				GCC_C_LANGUAGE_STANDARD = gnu11;
				GCC_DYNAMIC_NO_PIC = NO;
				GCC_NO_COMMON_BLOCKS = YES;
				GCC_OPTIMIZATION_LEVEL = 0;
				GCC_PREPROCESSOR_DEFINITIONS = (
					"DEBUG=1",
					"$(inherited)",
				);
				GCC_WARN_64_TO_32_BIT_CONVERSION = YES;
				GCC_WARN_ABOUT_RETURN_TYPE = YES_ERROR;
				GCC_WARN_UNDECLARED_SELECTOR = YES;
				GCC_WARN_UNINITIALIZED_AUTOS = YES_AGGRESSIVE;
				GCC_WARN_UNUSED_FUNCTION = YES;
				GCC_WARN_UNUSED_VARIABLE = YES;
				IPHONEOS_DEPLOYMENT_TARGET = 11.1;
				MTL_ENABLE_DEBUG_INFO = YES;
				ONLY_ACTIVE_ARCH = YES;
				SDKROOT = iphoneos;
			};
			name = Debug;
		};
		5426CA591FCECD98001543F5 /* Release */ = {
			isa = XCBuildConfiguration;
			buildSettings = {
				ALWAYS_SEARCH_USER_PATHS = NO;
				CLANG_ANALYZER_NONNULL = YES;
				CLANG_ANALYZER_NUMBER_OBJECT_CONVERSION = YES_AGGRESSIVE;
				CLANG_CXX_LANGUAGE_STANDARD = "gnu++14";
				CLANG_CXX_LIBRARY = "libc++";
				CLANG_ENABLE_MODULES = YES;
				CLANG_ENABLE_OBJC_ARC = YES;
				CLANG_WARN_BLOCK_CAPTURE_AUTORELEASING = YES;
				CLANG_WARN_BOOL_CONVERSION = YES;
				CLANG_WARN_COMMA = YES;
				CLANG_WARN_CONSTANT_CONVERSION = YES;
				CLANG_WARN_DIRECT_OBJC_ISA_USAGE = YES_ERROR;
				CLANG_WARN_DOCUMENTATION_COMMENTS = YES;
				CLANG_WARN_EMPTY_BODY = YES;
				CLANG_WARN_ENUM_CONVERSION = YES;
				CLANG_WARN_INFINITE_RECURSION = YES;
				CLANG_WARN_INT_CONVERSION = YES;
				CLANG_WARN_NON_LITERAL_NULL_CONVERSION = YES;
				CLANG_WARN_OBJC_LITERAL_CONVERSION = YES;
				CLANG_WARN_OBJC_ROOT_CLASS = YES_ERROR;
				CLANG_WARN_RANGE_LOOP_ANALYSIS = YES;
				CLANG_WARN_STRICT_PROTOTYPES = YES;
				CLANG_WARN_SUSPICIOUS_MOVE = YES;
				CLANG_WARN_UNGUARDED_AVAILABILITY = YES_AGGRESSIVE;
				CLANG_WARN_UNREACHABLE_CODE = YES;
				CLANG_WARN__DUPLICATE_METHOD_MATCH = YES;
				CODE_SIGN_IDENTITY = "iPhone Developer";
				COPY_PHASE_STRIP = NO;
				DEBUG_INFORMATION_FORMAT = "dwarf-with-dsym";
				ENABLE_NS_ASSERTIONS = NO;
				ENABLE_STRICT_OBJC_MSGSEND = YES;
				GCC_C_LANGUAGE_STANDARD = gnu11;
				GCC_NO_COMMON_BLOCKS = YES;
				GCC_WARN_64_TO_32_BIT_CONVERSION = YES;
				GCC_WARN_ABOUT_RETURN_TYPE = YES_ERROR;
				GCC_WARN_UNDECLARED_SELECTOR = YES;
				GCC_WARN_UNINITIALIZED_AUTOS = YES_AGGRESSIVE;
				GCC_WARN_UNUSED_FUNCTION = YES;
				GCC_WARN_UNUSED_VARIABLE = YES;
				IPHONEOS_DEPLOYMENT_TARGET = 11.1;
				MTL_ENABLE_DEBUG_INFO = NO;
				SDKROOT = iphoneos;
				VALIDATE_PRODUCT = YES;
			};
			name = Release;
		};
		5426CA5B1FCECD98001543F5 /* Debug */ = {
			isa = XCBuildConfiguration;
			baseConfigurationReference = 2CF1AC51E96523B590E51B43 /* Pods-KRTableView.debug.xcconfig */;
			buildSettings = {
				ASSETCATALOG_COMPILER_APPICON_NAME = AppIcon;
				CODE_SIGN_STYLE = Automatic;
				INFOPLIST_FILE = KRTableView/Info.plist;
				LD_RUNPATH_SEARCH_PATHS = "$(inherited) @executable_path/Frameworks";
				PRODUCT_BUNDLE_IDENTIFIER = com.kr.KRTableView;
				PRODUCT_NAME = "$(TARGET_NAME)";
				TARGETED_DEVICE_FAMILY = "1,2";
			};
			name = Debug;
		};
		5426CA5C1FCECD98001543F5 /* Release */ = {
			isa = XCBuildConfiguration;
			baseConfigurationReference = FA746FC3835FBE2F903B94B6 /* Pods-KRTableView.release.xcconfig */;
			buildSettings = {
				ASSETCATALOG_COMPILER_APPICON_NAME = AppIcon;
				CODE_SIGN_STYLE = Automatic;
				INFOPLIST_FILE = KRTableView/Info.plist;
				LD_RUNPATH_SEARCH_PATHS = "$(inherited) @executable_path/Frameworks";
				PRODUCT_BUNDLE_IDENTIFIER = com.kr.KRTableView;
				PRODUCT_NAME = "$(TARGET_NAME)";
				TARGETED_DEVICE_FAMILY = "1,2";
			};
			name = Release;
		};
		5426CA5E1FCECD98001543F5 /* Debug */ = {
			isa = XCBuildConfiguration;
			buildSettings = {
				BUNDLE_LOADER = "$(TEST_HOST)";
				CODE_SIGN_STYLE = Automatic;
				INFOPLIST_FILE = KRTableViewTests/Info.plist;
				LD_RUNPATH_SEARCH_PATHS = "$(inherited) @executable_path/Frameworks @loader_path/Frameworks";
				PRODUCT_BUNDLE_IDENTIFIER = com.kr.KRTableViewTests;
				PRODUCT_NAME = "$(TARGET_NAME)";
				TARGETED_DEVICE_FAMILY = "1,2";
				TEST_HOST = "$(BUILT_PRODUCTS_DIR)/KRTableView.app/KRTableView";
			};
			name = Debug;
		};
		5426CA5F1FCECD98001543F5 /* Release */ = {
			isa = XCBuildConfiguration;
			buildSettings = {
				BUNDLE_LOADER = "$(TEST_HOST)";
				CODE_SIGN_STYLE = Automatic;
				INFOPLIST_FILE = KRTableViewTests/Info.plist;
				LD_RUNPATH_SEARCH_PATHS = "$(inherited) @executable_path/Frameworks @loader_path/Frameworks";
				PRODUCT_BUNDLE_IDENTIFIER = com.kr.KRTableViewTests;
				PRODUCT_NAME = "$(TARGET_NAME)";
				TARGETED_DEVICE_FAMILY = "1,2";
				TEST_HOST = "$(BUILT_PRODUCTS_DIR)/KRTableView.app/KRTableView";
			};
			name = Release;
		};
		5426CA611FCECD98001543F5 /* Debug */ = {
			isa = XCBuildConfiguration;
			buildSettings = {
				CODE_SIGN_STYLE = Automatic;
				INFOPLIST_FILE = KRTableViewUITests/Info.plist;
				LD_RUNPATH_SEARCH_PATHS = "$(inherited) @executable_path/Frameworks @loader_path/Frameworks";
				PRODUCT_BUNDLE_IDENTIFIER = com.kr.KRTableViewUITests;
				PRODUCT_NAME = "$(TARGET_NAME)";
				TARGETED_DEVICE_FAMILY = "1,2";
				TEST_TARGET_NAME = KRTableView;
			};
			name = Debug;
		};
		5426CA621FCECD98001543F5 /* Release */ = {
			isa = XCBuildConfiguration;
			buildSettings = {
				CODE_SIGN_STYLE = Automatic;
				INFOPLIST_FILE = KRTableViewUITests/Info.plist;
				LD_RUNPATH_SEARCH_PATHS = "$(inherited) @executable_path/Frameworks @loader_path/Frameworks";
				PRODUCT_BUNDLE_IDENTIFIER = com.kr.KRTableViewUITests;
				PRODUCT_NAME = "$(TARGET_NAME)";
				TARGETED_DEVICE_FAMILY = "1,2";
				TEST_TARGET_NAME = KRTableView;
			};
			name = Release;
		};
/* End XCBuildConfiguration section */

/* Begin XCConfigurationList section */
		5426CA291FCECD97001543F5 /* Build configuration list for PBXProject "KRTableView" */ = {
			isa = XCConfigurationList;
			buildConfigurations = (
				5426CA581FCECD98001543F5 /* Debug */,
				5426CA591FCECD98001543F5 /* Release */,
			);
			defaultConfigurationIsVisible = 0;
			defaultConfigurationName = Release;
		};
		5426CA5A1FCECD98001543F5 /* Build configuration list for PBXNativeTarget "KRTableView" */ = {
			isa = XCConfigurationList;
			buildConfigurations = (
				5426CA5B1FCECD98001543F5 /* Debug */,
				5426CA5C1FCECD98001543F5 /* Release */,
			);
			defaultConfigurationIsVisible = 0;
			defaultConfigurationName = Release;
		};
		5426CA5D1FCECD98001543F5 /* Build configuration list for PBXNativeTarget "KRTableViewTests" */ = {
			isa = XCConfigurationList;
			buildConfigurations = (
				5426CA5E1FCECD98001543F5 /* Debug */,
				5426CA5F1FCECD98001543F5 /* Release */,
			);
			defaultConfigurationIsVisible = 0;
			defaultConfigurationName = Release;
		};
		5426CA601FCECD98001543F5 /* Build configuration list for PBXNativeTarget "KRTableViewUITests" */ = {
			isa = XCConfigurationList;
			buildConfigurations = (
				5426CA611FCECD98001543F5 /* Debug */,
				5426CA621FCECD98001543F5 /* Release */,
			);
			defaultConfigurationIsVisible = 0;
			defaultConfigurationName = Release;
		};
/* End XCConfigurationList section */
	};
	rootObject = 5426CA261FCECD97001543F5 /* Project object */;
}
